
Microsoft Visual Studio Solution File, Format Version 12.00
# Visual Studio Version 16
VisualStudioVersion = 16.0.32802.440
MinimumVisualStudioVersion = 10.0.40219.1
Project("{FAE04EC0-301F-11D3-BF4B-00C04F79EFBC}") = "RestaurantBooking.PresentationLayer", "RestaurantBooking.PresentationLayer\RestaurantBooking.PresentationLayer.csproj", "{31BF97C6-F83F-4767-8DF6-2A8B76A99A54}"
EndProject
Project("{FAE04EC0-301F-11D3-BF4B-00C04F79EFBC}") = "RestaurantBooking.BusinessLogicLayer", "RestaurantBooking.BusinessLogicLayer\RestaurantBooking.BusinessLogicLayer.csproj", "{15AEAAAA-56C3-45D1-A072-FE96476C16EE}"
EndProject
Project("{FAE04EC0-301F-11D3-BF4B-00C04F79EFBC}") = "RestaurantBooking.DataAccessLayer", "RestaurantBooking.DataAccessLayer\RestaurantBooking.DataAccessLayer.csproj", "{BE797757-A7DD-44A6-BFB6-DFE8966A5691}"
EndProject
Project("{FAE04EC0-301F-11D3-BF4B-00C04F79EFBC}") = "RestaurantBooking.Entities", "RestaurantBooking.Entities\RestaurantBooking.Entities.csproj", "{21F9222C-165F-419B-A612-1C5DE7BE30ED}"
EndProject
Project("{FAE04EC0-301F-11D3-BF4B-00C04F79EFBC}") = "RestaurantBooking.CustomException", "RestaurantBooking.CustomException\RestaurantBooking.CustomException.csproj", "{24E3A1A1-902F-479B-B38F-AD17E316C165}"
EndProject
Global
	GlobalSection(SolutionConfigurationPlatforms) = preSolution
		Debug|Any CPU = Debug|Any CPU
		Release|Any CPU = Release|Any CPU
	EndGlobalSection
	GlobalSection(ProjectConfigurationPlatforms) = postSolution
		{31BF97C6-F83F-4767-8DF6-2A8B76A99A54}.Debug|Any CPU.ActiveCfg = Debug|Any CPU
		{31BF97C6-F83F-4767-8DF6-2A8B76A99A54}.Debug|Any CPU.Build.0 = Debug|Any CPU
		{31BF97C6-F83F-4767-8DF6-2A8B76A99A54}.Release|Any CPU.ActiveCfg = Release|Any CPU
		{31BF97C6-F83F-4767-8DF6-2A8B76A99A54}.Release|Any CPU.Build.0 = Release|Any CPU
		{15AEAAAA-56C3-45D1-A072-FE96476C16EE}.Debug|Any CPU.ActiveCfg = Debug|Any CPU
		{15AEAAAA-56C3-45D1-A072-FE96476C16EE}.Debug|Any CPU.Build.0 = Debug|Any CPU
		{15AEAAAA-56C3-45D1-A072-FE96476C16EE}.Release|Any CPU.ActiveCfg = Release|Any CPU
		{15AEAAAA-56C3-45D1-A072-FE96476C16EE}.Release|Any CPU.Build.0 = Release|Any CPU
		{BE797757-A7DD-44A6-BFB6-DFE8966A5691}.Debug|Any CPU.ActiveCfg = Debug|Any CPU
		{BE797757-A7DD-44A6-BFB6-DFE8966A5691}.Debug|Any CPU.Build.0 = Debug|Any CPU
		{BE797757-A7DD-44A6-BFB6-DFE8966A5691}.Release|Any CPU.ActiveCfg = Release|Any CPU
		{BE797757-A7DD-44A6-BFB6-DFE8966A5691}.Release|Any CPU.Build.0 = Release|Any CPU
		{21F9222C-165F-419B-A612-1C5DE7BE30ED}.Debug|Any CPU.ActiveCfg = Debug|Any CPU
		{21F9222C-165F-419B-A612-1C5DE7BE30ED}.Debug|Any CPU.Build.0 = Debug|Any CPU
		{21F9222C-165F-419B-A612-1C5DE7BE30ED}.Release|Any CPU.ActiveCfg = Release|Any CPU
		{21F9222C-165F-419B-A612-1C5DE7BE30ED}.Release|Any CPU.Build.0 = Release|Any CPU
		{24E3A1A1-902F-479B-B38F-AD17E316C165}.Debug|Any CPU.ActiveCfg = Debug|Any CPU
		{24E3A1A1-902F-479B-B38F-AD17E316C165}.Debug|Any CPU.Build.0 = Debug|Any CPU
		{24E3A1A1-902F-479B-B38F-AD17E316C165}.Release|Any CPU.ActiveCfg = Release|Any CPU
		{24E3A1A1-902F-479B-B38F-AD17E316C165}.Release|Any CPU.Build.0 = Release|Any CPU
	EndGlobalSection
	GlobalSection(SolutionProperties) = preSolution
		HideSolutionNode = FALSE
	EndGlobalSection
	GlobalSection(ExtensibilityGlobals) = postSolution
		SolutionGuid = {2D9BC31F-E7E1-4B8C-86C7-A0DFD01F5AFE}
	EndGlobalSection
EndGlobal
